{
  "requires": true,
  "lockfileVersion": 1,
  "dependencies": {
    "szhmqd27calc_robert": {
      "version": "1.0.0",
      "resolved": "https://registry.npm.taobao.org/szhmqd27calc_robert/download/szhmqd27calc_robert-1.0.0.tgz",
      "integrity": "sha1-lfNiekhsb2kmFneLSfa9y6siBuk="
    }
  }
}
